
Microsoft Visual Studio Solution File, Format Version 12.00
# Visual Studio Version 16
VisualStudioVersion = 16.0.31702.278
MinimumVisualStudioVersion = 10.0.40219.1
Project("{FAE04EC0-301F-11D3-BF4B-00C04F79EFBC}") = "TCPServerOblOpg", "TCPServerOblOpg\TCPServerOblOpg.csproj", "{CA3FE2B8-0285-401E-82E6-48CF9F10A0D9}"
EndProject
Global
	GlobalSection(SolutionConfigurationPlatforms) = preSolution
		Debug|Any CPU = Debug|Any CPU
		Release|Any CPU = Release|Any CPU
	EndGlobalSection
	GlobalSection(ProjectConfigurationPlatforms) = postSolution
		{CA3FE2B8-0285-401E-82E6-48CF9F10A0D9}.Debug|Any CPU.ActiveCfg = Debug|Any CPU
		{CA3FE2B8-0285-401E-82E6-48CF9F10A0D9}.Debug|Any CPU.Build.0 = Debug|Any CPU
		{CA3FE2B8-0285-401E-82E6-48CF9F10A0D9}.Release|Any CPU.ActiveCfg = Release|Any CPU
		{CA3FE2B8-0285-401E-82E6-48CF9F10A0D9}.Release|Any CPU.Build.0 = Release|Any CPU
	EndGlobalSection
	GlobalSection(SolutionProperties) = preSolution
		HideSolutionNode = FALSE
	EndGlobalSection
	GlobalSection(ExtensibilityGlobals) = postSolution
		SolutionGuid = {0B8BB8FF-D09F-4EAB-BE42-3BDB69510BB6}
	EndGlobalSection
EndGlobal
